
Microsoft Visual Studio Solution File, Format Version 12.00
# Visual Studio 2015
Project("{FAE04EC0-301F-11D3-BF4B-00C04F79EFBC}") = "Space Counters.CSharp", "Space Counters.CSharp.csproj", "{A2520698-E728-C1AF-68F2-589B9247AC06}"
EndProject
Global
	GlobalSection(SolutionConfigurationPlatforms) = preSolution
		Debug|Any CPU = Debug|Any CPU
		Release|Any CPU = Release|Any CPU
	EndGlobalSection
	GlobalSection(ProjectConfigurationPlatforms) = postSolution
		{A2520698-E728-C1AF-68F2-589B9247AC06}.Debug|Any CPU.ActiveCfg = Debug|Any CPU
		{A2520698-E728-C1AF-68F2-589B9247AC06}.Debug|Any CPU.Build.0 = Debug|Any CPU
		{A2520698-E728-C1AF-68F2-589B9247AC06}.Release|Any CPU.ActiveCfg = Release|Any CPU
		{A2520698-E728-C1AF-68F2-589B9247AC06}.Release|Any CPU.Build.0 = Release|Any CPU
	EndGlobalSection
	GlobalSection(SolutionProperties) = preSolution
		HideSolutionNode = FALSE
	EndGlobalSection
EndGlobal
